
Microsoft Visual Studio Solution File, Format Version 12.00
# Visual Studio Version 17
VisualStudioVersion = 17.7.34031.279
MinimumVisualStudioVersion = 10.0.40219.1
Project("{FAE04EC0-301F-11D3-BF4B-00C04F79EFBC}") = "LibrarySystem", "LibrarySystem.csproj", "{125BFD10-9642-40E7-8BA5-F15F3E7D2B67}"
EndProject
Global
	GlobalSection(SolutionConfigurationPlatforms) = preSolution
		Debug|Any CPU = Debug|Any CPU
		Release|Any CPU = Release|Any CPU
	EndGlobalSection
	GlobalSection(ProjectConfigurationPlatforms) = postSolution
		{125BFD10-9642-40E7-8BA5-F15F3E7D2B67}.Debug|Any CPU.ActiveCfg = Debug|Any CPU
		{125BFD10-9642-40E7-8BA5-F15F3E7D2B67}.Debug|Any CPU.Build.0 = Debug|Any CPU
		{125BFD10-9642-40E7-8BA5-F15F3E7D2B67}.Release|Any CPU.ActiveCfg = Release|Any CPU
		{125BFD10-9642-40E7-8BA5-F15F3E7D2B67}.Release|Any CPU.Build.0 = Release|Any CPU
	EndGlobalSection
	GlobalSection(SolutionProperties) = preSolution
		HideSolutionNode = FALSE
	EndGlobalSection
	GlobalSection(ExtensibilityGlobals) = postSolution
		SolutionGuid = {52997B3B-9195-47A2-A43D-79DD9566F3A8}
	EndGlobalSection
EndGlobal
